
Microsoft Visual Studio Solution File, Format Version 12.00
# Visual Studio Version 17
VisualStudioVersion = 17.6.33829.357
MinimumVisualStudioVersion = 10.0.40219.1
Project("{FAE04EC0-301F-11D3-BF4B-00C04F79EFBC}") = "GlobalExceptionHandlingAPP", "GlobalExceptionHandlingAPP\GlobalExceptionHandlingAPP.csproj", "{68001154-8569-4B4F-8840-F52303B26E5A}"
EndProject
Global
	GlobalSection(SolutionConfigurationPlatforms) = preSolution
		Debug|Any CPU = Debug|Any CPU
		Release|Any CPU = Release|Any CPU
	EndGlobalSection
	GlobalSection(ProjectConfigurationPlatforms) = postSolution
		{68001154-8569-4B4F-8840-F52303B26E5A}.Debug|Any CPU.ActiveCfg = Debug|Any CPU
		{68001154-8569-4B4F-8840-F52303B26E5A}.Debug|Any CPU.Build.0 = Debug|Any CPU
		{68001154-8569-4B4F-8840-F52303B26E5A}.Release|Any CPU.ActiveCfg = Release|Any CPU
		{68001154-8569-4B4F-8840-F52303B26E5A}.Release|Any CPU.Build.0 = Release|Any CPU
	EndGlobalSection
	GlobalSection(SolutionProperties) = preSolution
		HideSolutionNode = FALSE
	EndGlobalSection
	GlobalSection(ExtensibilityGlobals) = postSolution
		SolutionGuid = {78E3AB04-6A84-46C0-81B8-B370188DA9BA}
	EndGlobalSection
EndGlobal
